
Microsoft Visual Studio Solution File, Format Version 12.00
# Visual Studio Version 16
VisualStudioVersion = 16.0.30204.135
MinimumVisualStudioVersion = 10.0.40219.1
Project("{FAE04EC0-301F-11D3-BF4B-00C04F79EFBC}") = "oop sss auto", "oop sss auto\oop sss auto.csproj", "{01755104-52FE-4077-8C90-F12A7BBD8BE0}"
EndProject
Global
	GlobalSection(SolutionConfigurationPlatforms) = preSolution
		Debug|Any CPU = Debug|Any CPU
		Release|Any CPU = Release|Any CPU
	EndGlobalSection
	GlobalSection(ProjectConfigurationPlatforms) = postSolution
		{01755104-52FE-4077-8C90-F12A7BBD8BE0}.Debug|Any CPU.ActiveCfg = Debug|Any CPU
		{01755104-52FE-4077-8C90-F12A7BBD8BE0}.Debug|Any CPU.Build.0 = Debug|Any CPU
		{01755104-52FE-4077-8C90-F12A7BBD8BE0}.Release|Any CPU.ActiveCfg = Release|Any CPU
		{01755104-52FE-4077-8C90-F12A7BBD8BE0}.Release|Any CPU.Build.0 = Release|Any CPU
	EndGlobalSection
	GlobalSection(SolutionProperties) = preSolution
		HideSolutionNode = FALSE
	EndGlobalSection
	GlobalSection(ExtensibilityGlobals) = postSolution
		SolutionGuid = {9CEC973A-79F1-4300-BF83-736238863E1F}
	EndGlobalSection
EndGlobal
